// !$*UTF8*$!
{
	archiveVersion = 1;
	classes = {
	};
	objectVersion = 46;
	objects = {

/* Begin PBXBuildFile section */
		42264B2A1945635A000C6C85 /* Foundation.framework in Frameworks */ = {isa = PBXBuildFile; fileRef = 42264B291945635A000C6C85 /* Foundation.framework */; };
		42264B2C1945635A000C6C85 /* CoreGraphics.framework in Frameworks */ = {isa = PBXBuildFile; fileRef = 42264B2B1945635A000C6C85 /* CoreGraphics.framework */; };
		42264B2E1945635A000C6C85 /* UIKit.framework in Frameworks */ = {isa = PBXBuildFile; fileRef = 42264B2D1945635A000C6C85 /* UIKit.framework */; };
		42264B341945635A000C6C85 /* InfoPlist.strings in Resources */ = {isa = PBXBuildFile; fileRef = 42264B321945635A000C6C85 /* InfoPlist.strings */; };
		42264B361945635A000C6C85 /* main.m in Sources */ = {isa = PBXBuildFile; fileRef = 42264B351945635A000C6C85 /* main.m */; };
		42264B3A1945635A000C6C85 /* AppDelegate.m in Sources */ = {isa = PBXBuildFile; fileRef = 42264B391945635A000C6C85 /* AppDelegate.m */; };
		42264B3D1945635A000C6C85 /* Main.storyboard in Resources */ = {isa = PBXBuildFile; fileRef = 42264B3B1945635A000C6C85 /* Main.storyboard */; };
		42264B401945635A000C6C85 /* ViewController.m in Sources */ = {isa = PBXBuildFile; fileRef = 42264B3F1945635A000C6C85 /* ViewController.m */; };
		42264B421945635A000C6C85 /* Images.xcassets in Resources */ = {isa = PBXBuildFile; fileRef = 42264B411945635A000C6C85 /* Images.xcassets */; };
		42264B491945635A000C6C85 /* XCTest.framework in Frameworks */ = {isa = PBXBuildFile; fileRef = 42264B481945635A000C6C85 /* XCTest.framework */; };
		42264B4A1945635A000C6C85 /* Foundation.framework in Frameworks */ = {isa = PBXBuildFile; fileRef = 42264B291945635A000C6C85 /* Foundation.framework */; };
		42264B4B1945635A000C6C85 /* UIKit.framework in Frameworks */ = {isa = PBXBuildFile; fileRef = 42264B2D1945635A000C6C85 /* UIKit.framework */; };
		42264B531945635A000C6C85 /* InfoPlist.strings in Resources */ = {isa = PBXBuildFile; fileRef = 42264B511945635A000C6C85 /* InfoPlist.strings */; };
		42264B551945635A000C6C85 /* DouBanReadingTests.m in Sources */ = {isa = PBXBuildFile; fileRef = 42264B541945635A000C6C85 /* DouBanReadingTests.m */; };
		42264B60194F4BB3000C6C85 /* CoreDataTableViewController.m in Sources */ = {isa = PBXBuildFile; fileRef = 42264B5F194F4BB3000C6C85 /* CoreDataTableViewController.m */; };
		42264B64194F4C59000C6C85 /* DouBanFetcher.m in Sources */ = {isa = PBXBuildFile; fileRef = 42264B63194F4C59000C6C85 /* DouBanFetcher.m */; };
		426B05631966C6AD001BBFBA /* Book.m in Sources */ = {isa = PBXBuildFile; fileRef = 426B05621966C6AD001BBFBA /* Book.m */; };
		42A0BB73196BE2A000FF717F /* BookViewController.m in Sources */ = {isa = PBXBuildFile; fileRef = 42A0BB72196BE2A000FF717F /* BookViewController.m */; };
		42CD4293194FFD0B00DCC556 /* SearchResultTableViewController.m in Sources */ = {isa = PBXBuildFile; fileRef = 42CD4292194FFD0B00DCC556 /* SearchResultTableViewController.m */; };
		42CD42961950763500DCC556 /* Model.xcdatamodeld in Sources */ = {isa = PBXBuildFile; fileRef = 42CD42941950763500DCC556 /* Model.xcdatamodeld */; };
		42CD429D1951D64400DCC556 /* BookTableViewCell.m in Sources */ = {isa = PBXBuildFile; fileRef = 42CD429B1951D64400DCC556 /* BookTableViewCell.m */; };
		42CD429E1951D64400DCC556 /* BookTableViewCell.xib in Resources */ = {isa = PBXBuildFile; fileRef = 42CD429C1951D64400DCC556 /* BookTableViewCell.xib */; };
		42CD42A2195528FE00DCC556 /* Book+Create.m in Sources */ = {isa = PBXBuildFile; fileRef = 42CD42A1195528FE00DCC556 /* Book+Create.m */; };
		5AF6019021FA42E880CFCD91 /* libPods.a in Frameworks */ = {isa = PBXBuildFile; fileRef = E601C9C5C7B743D7821F4A3B /* libPods.a */; };
/* End PBXBuildFile section */

/* Begin PBXContainerItemProxy section */
		42264B4C1945635A000C6C85 /* PBXContainerItemProxy */ = {
			isa = PBXContainerItemProxy;
			containerPortal = 42264B1E1945635A000C6C85 /* Project object */;
			proxyType = 1;
			remoteGlobalIDString = 42264B251945635A000C6C85;
			remoteInfo = DouBanReading;
		};
/* End PBXContainerItemProxy section */

/* Begin PBXFileReference section */
		42264B261945635A000C6C85 /* DouBanReading.app */ = {isa = PBXFileReference; explicitFileType = wrapper.application; includeInIndex = 0; path = DouBanReading.app; sourceTree = BUILT_PRODUCTS_DIR; };
		42264B291945635A000C6C85 /* Foundation.framework */ = {isa = PBXFileReference; lastKnownFileType = wrapper.framework; name = Foundation.framework; path = System/Library/Frameworks/Foundation.framework; sourceTree = SDKROOT; };
		42264B2B1945635A000C6C85 /* CoreGraphics.framework */ = {isa = PBXFileReference; lastKnownFileType = wrapper.framework; name = CoreGraphics.framework; path = System/Library/Frameworks/CoreGraphics.framework; sourceTree = SDKROOT; };
		42264B2D1945635A000C6C85 /* UIKit.framework */ = {isa = PBXFileReference; lastKnownFileType = wrapper.framework; name = UIKit.framework; path = System/Library/Frameworks/UIKit.framework; sourceTree = SDKROOT; };
		42264B311945635A000C6C85 /* DouBanReading-Info.plist */ = {isa = PBXFileReference; lastKnownFileType = text.plist.xml; path = "DouBanReading-Info.plist"; sourceTree = "<group>"; };
		42264B331945635A000C6C85 /* en */ = {isa = PBXFileReference; lastKnownFileType = text.plist.strings; name = en; path = en.lproj/InfoPlist.strings; sourceTree = "<group>"; };
		42264B351945635A000C6C85 /* main.m */ = {isa = PBXFileReference; lastKnownFileType = sourcecode.c.objc; path = main.m; sourceTree = "<group>"; };
		42264B371945635A000C6C85 /* DouBanReading-Prefix.pch */ = {isa = PBXFileReference; lastKnownFileType = sourcecode.c.h; path = "DouBanReading-Prefix.pch"; sourceTree = "<group>"; };
		42264B381945635A000C6C85 /* AppDelegate.h */ = {isa = PBXFileReference; lastKnownFileType = sourcecode.c.h; path = AppDelegate.h; sourceTree = "<group>"; };
		42264B391945635A000C6C85 /* AppDelegate.m */ = {isa = PBXFileReference; lastKnownFileType = sourcecode.c.objc; path = AppDelegate.m; sourceTree = "<group>"; };
		42264B3C1945635A000C6C85 /* Base */ = {isa = PBXFileReference; lastKnownFileType = file.storyboard; name = Base; path = Base.lproj/Main.storyboard; sourceTree = "<group>"; };
		42264B3E1945635A000C6C85 /* ViewController.h */ = {isa = PBXFileReference; lastKnownFileType = sourcecode.c.h; path = ViewController.h; sourceTree = "<group>"; };
		42264B3F1945635A000C6C85 /* ViewController.m */ = {isa = PBXFileReference; lastKnownFileType = sourcecode.c.objc; path = ViewController.m; sourceTree = "<group>"; };
		42264B411945635A000C6C85 /* Images.xcassets */ = {isa = PBXFileReference; lastKnownFileType = folder.assetcatalog; path = Images.xcassets; sourceTree = "<group>"; };
		42264B471945635A000C6C85 /* DouBanReadingTests.xctest */ = {isa = PBXFileReference; explicitFileType = wrapper.cfbundle; includeInIndex = 0; path = DouBanReadingTests.xctest; sourceTree = BUILT_PRODUCTS_DIR; };
		42264B481945635A000C6C85 /* XCTest.framework */ = {isa = PBXFileReference; lastKnownFileType = wrapper.framework; name = XCTest.framework; path = Library/Frameworks/XCTest.framework; sourceTree = DEVELOPER_DIR; };
		42264B501945635A000C6C85 /* DouBanReadingTests-Info.plist */ = {isa = PBXFileReference; lastKnownFileType = text.plist.xml; path = "DouBanReadingTests-Info.plist"; sourceTree = "<group>"; };
		42264B521945635A000C6C85 /* en */ = {isa = PBXFileReference; lastKnownFileType = text.plist.strings; name = en; path = en.lproj/InfoPlist.strings; sourceTree = "<group>"; };
		42264B541945635A000C6C85 /* DouBanReadingTests.m */ = {isa = PBXFileReference; lastKnownFileType = sourcecode.c.objc; path = DouBanReadingTests.m; sourceTree = "<group>"; };
		42264B5E194F4BB3000C6C85 /* CoreDataTableViewController.h */ = {isa = PBXFileReference; fileEncoding = 4; lastKnownFileType = sourcecode.c.h; path = CoreDataTableViewController.h; sourceTree = "<group>"; };
		42264B5F194F4BB3000C6C85 /* CoreDataTableViewController.m */ = {isa = PBXFileReference; fileEncoding = 4; lastKnownFileType = sourcecode.c.objc; path = CoreDataTableViewController.m; sourceTree = "<group>"; };
		42264B62194F4C59000C6C85 /* DouBanFetcher.h */ = {isa = PBXFileReference; fileEncoding = 4; lastKnownFileType = sourcecode.c.h; path = DouBanFetcher.h; sourceTree = "<group>"; };
		42264B63194F4C59000C6C85 /* DouBanFetcher.m */ = {isa = PBXFileReference; fileEncoding = 4; lastKnownFileType = sourcecode.c.objc; path = DouBanFetcher.m; sourceTree = "<group>"; };
		42264B66194FE04C000C6C85 /* DouBanAPIKey.h */ = {isa = PBXFileReference; lastKnownFileType = sourcecode.c.h; path = DouBanAPIKey.h; sourceTree = "<group>"; };
		426B05611966C6AD001BBFBA /* Book.h */ = {isa = PBXFileReference; fileEncoding = 4; lastKnownFileType = sourcecode.c.h; path = Book.h; sourceTree = "<group>"; };
		426B05621966C6AD001BBFBA /* Book.m */ = {isa = PBXFileReference; fileEncoding = 4; lastKnownFileType = sourcecode.c.objc; path = Book.m; sourceTree = "<group>"; };
		42A0BB71196BE2A000FF717F /* BookViewController.h */ = {isa = PBXFileReference; fileEncoding = 4; lastKnownFileType = sourcecode.c.h; path = BookViewController.h; sourceTree = "<group>"; };
		42A0BB72196BE2A000FF717F /* BookViewController.m */ = {isa = PBXFileReference; fileEncoding = 4; lastKnownFileType = sourcecode.c.objc; path = BookViewController.m; sourceTree = "<group>"; };
		42CD4291194FFD0B00DCC556 /* SearchResultTableViewController.h */ = {isa = PBXFileReference; fileEncoding = 4; lastKnownFileType = sourcecode.c.h; path = SearchResultTableViewController.h; sourceTree = "<group>"; };
		42CD4292194FFD0B00DCC556 /* SearchResultTableViewController.m */ = {isa = PBXFileReference; fileEncoding = 4; lastKnownFileType = sourcecode.c.objc; path = SearchResultTableViewController.m; sourceTree = "<group>"; };
		42CD42951950763500DCC556 /* Model.xcdatamodel */ = {isa = PBXFileReference; lastKnownFileType = wrapper.xcdatamodel; path = Model.xcdatamodel; sourceTree = "<group>"; };
		42CD429A1951D64400DCC556 /* BookTableViewCell.h */ = {isa = PBXFileReference; fileEncoding = 4; lastKnownFileType = sourcecode.c.h; path = BookTableViewCell.h; sourceTree = "<group>"; };
		42CD429B1951D64400DCC556 /* BookTableViewCell.m */ = {isa = PBXFileReference; fileEncoding = 4; lastKnownFileType = sourcecode.c.objc; path = BookTableViewCell.m; sourceTree = "<group>"; };
		42CD429C1951D64400DCC556 /* BookTableViewCell.xib */ = {isa = PBXFileReference; fileEncoding = 4; lastKnownFileType = file.xib; path = BookTableViewCell.xib; sourceTree = "<group>"; };
		42CD42A0195528FE00DCC556 /* Book+Create.h */ = {isa = PBXFileReference; fileEncoding = 4; lastKnownFileType = sourcecode.c.h; path = "Book+Create.h"; sourceTree = "<group>"; };
		42CD42A1195528FE00DCC556 /* Book+Create.m */ = {isa = PBXFileReference; fileEncoding = 4; lastKnownFileType = sourcecode.c.objc; path = "Book+Create.m"; sourceTree = "<group>"; };
		8A836136744B4B0CBF9E8CE9 /* Pods.xcconfig */ = {isa = PBXFileReference; includeInIndex = 1; lastKnownFileType = text.xcconfig; name = Pods.xcconfig; path = Pods/Pods.xcconfig; sourceTree = "<group>"; };
		E601C9C5C7B743D7821F4A3B /* libPods.a */ = {isa = PBXFileReference; explicitFileType = archive.ar; includeInIndex = 0; path = libPods.a; sourceTree = BUILT_PRODUCTS_DIR; };
/* End PBXFileReference section */

/* Begin PBXFrameworksBuildPhase section */
		42264B231945635A000C6C85 /* Frameworks */ = {
			isa = PBXFrameworksBuildPhase;
			buildActionMask = 2147483647;
			files = (
				42264B2C1945635A000C6C85 /* CoreGraphics.framework in Frameworks */,
				42264B2E1945635A000C6C85 /* UIKit.framework in Frameworks */,
				42264B2A1945635A000C6C85 /* Foundation.framework in Frameworks */,
				5AF6019021FA42E880CFCD91 /* libPods.a in Frameworks */,
			);
			runOnlyForDeploymentPostprocessing = 0;
		};
		42264B441945635A000C6C85 /* Frameworks */ = {
			isa = PBXFrameworksBuildPhase;
			buildActionMask = 2147483647;
			files = (
				42264B491945635A000C6C85 /* XCTest.framework in Frameworks */,
				42264B4B1945635A000C6C85 /* UIKit.framework in Frameworks */,
				42264B4A1945635A000C6C85 /* Foundation.framework in Frameworks */,
			);
			runOnlyForDeploymentPostprocessing = 0;
		};
/* End PBXFrameworksBuildPhase section */

/* Begin PBXGroup section */
		42264B1D1945635A000C6C85 = {
			isa = PBXGroup;
			children = (
				42264B2F1945635A000C6C85 /* DouBanReading */,
				42264B4E1945635A000C6C85 /* DouBanReadingTests */,
				42264B281945635A000C6C85 /* Frameworks */,
				42264B271945635A000C6C85 /* Products */,
				8A836136744B4B0CBF9E8CE9 /* Pods.xcconfig */,
			);
			sourceTree = "<group>";
		};
		42264B271945635A000C6C85 /* Products */ = {
			isa = PBXGroup;
			children = (
				42264B261945635A000C6C85 /* DouBanReading.app */,
				42264B471945635A000C6C85 /* DouBanReadingTests.xctest */,
			);
			name = Products;
			sourceTree = "<group>";
		};
		42264B281945635A000C6C85 /* Frameworks */ = {
			isa = PBXGroup;
			children = (
				42264B291945635A000C6C85 /* Foundation.framework */,
				42264B2B1945635A000C6C85 /* CoreGraphics.framework */,
				42264B2D1945635A000C6C85 /* UIKit.framework */,
				42264B481945635A000C6C85 /* XCTest.framework */,
				E601C9C5C7B743D7821F4A3B /* libPods.a */,
			);
			name = Frameworks;
			sourceTree = "<group>";
		};
		42264B2F1945635A000C6C85 /* DouBanReading */ = {
			isa = PBXGroup;
			children = (
				42264B381945635A000C6C85 /* AppDelegate.h */,
				42264B391945635A000C6C85 /* AppDelegate.m */,
				42264B3B1945635A000C6C85 /* Main.storyboard */,
				42CD429A1951D64400DCC556 /* BookTableViewCell.h */,
				42CD429B1951D64400DCC556 /* BookTableViewCell.m */,
				42CD429C1951D64400DCC556 /* BookTableViewCell.xib */,
				42264B3E1945635A000C6C85 /* ViewController.h */,
				42264B3F1945635A000C6C85 /* ViewController.m */,
				42CD4291194FFD0B00DCC556 /* SearchResultTableViewController.h */,
				42CD4292194FFD0B00DCC556 /* SearchResultTableViewController.m */,
				42A0BB71196BE2A000FF717F /* BookViewController.h */,
				42A0BB72196BE2A000FF717F /* BookViewController.m */,
				42264B411945635A000C6C85 /* Images.xcassets */,
				42CD429F1955289900DCC556 /* Model */,
				42264B65194F4C61000C6C85 /* DouBanFetcher */,
				42264B61194F4BD3000C6C85 /* CoreDataTableViewController */,
				42264B301945635A000C6C85 /* Supporting Files */,
			);
			path = DouBanReading;
			sourceTree = "<group>";
		};
		42264B301945635A000C6C85 /* Supporting Files */ = {
			isa = PBXGroup;
			children = (
				42264B311945635A000C6C85 /* DouBanReading-Info.plist */,
				42264B321945635A000C6C85 /* InfoPlist.strings */,
				42264B351945635A000C6C85 /* main.m */,
				42264B371945635A000C6C85 /* DouBanReading-Prefix.pch */,
			);
			name = "Supporting Files";
			sourceTree = "<group>";
		};
		42264B4E1945635A000C6C85 /* DouBanReadingTests */ = {
			isa = PBXGroup;
			children = (
				42264B541945635A000C6C85 /* DouBanReadingTests.m */,
				42264B4F1945635A000C6C85 /* Supporting Files */,
			);
			path = DouBanReadingTests;
			sourceTree = "<group>";
		};
		42264B4F1945635A000C6C85 /* Supporting Files */ = {
			isa = PBXGroup;
			children = (
				42264B501945635A000C6C85 /* DouBanReadingTests-Info.plist */,
				42264B511945635A000C6C85 /* InfoPlist.strings */,
			);
			name = "Supporting Files";
			sourceTree = "<group>";
		};
		42264B61194F4BD3000C6C85 /* CoreDataTableViewController */ = {
			isa = PBXGroup;
			children = (
				42264B5F194F4BB3000C6C85 /* CoreDataTableViewController.m */,
				42264B5E194F4BB3000C6C85 /* CoreDataTableViewController.h */,
			);
			name = CoreDataTableViewController;
			sourceTree = "<group>";
		};
		42264B65194F4C61000C6C85 /* DouBanFetcher */ = {
			isa = PBXGroup;
			children = (
				42264B62194F4C59000C6C85 /* DouBanFetcher.h */,
				42264B63194F4C59000C6C85 /* DouBanFetcher.m */,
				42264B66194FE04C000C6C85 /* DouBanAPIKey.h */,
			);
			name = DouBanFetcher;
			sourceTree = "<group>";
		};
		42CD429F1955289900DCC556 /* Model */ = {
			isa = PBXGroup;
			children = (
				426B05611966C6AD001BBFBA /* Book.h */,
				426B05621966C6AD001BBFBA /* Book.m */,
				42CD42941950763500DCC556 /* Model.xcdatamodeld */,
				42CD42A0195528FE00DCC556 /* Book+Create.h */,
				42CD42A1195528FE00DCC556 /* Book+Create.m */,
			);
			name = Model;
			sourceTree = "<group>";
		};
/* End PBXGroup section */

/* Begin PBXNativeTarget section */
		42264B251945635A000C6C85 /* DouBanReading */ = {
			isa = PBXNativeTarget;
			buildConfigurationList = 42264B581945635A000C6C85 /* Build configuration list for PBXNativeTarget "DouBanReading" */;
			buildPhases = (
				62D0740FC0A04BC3807B8459 /* Check Pods Manifest.lock */,
				42264B221945635A000C6C85 /* Sources */,
				42264B231945635A000C6C85 /* Frameworks */,
				42264B241945635A000C6C85 /* Resources */,
				ABD8A249CB734075AB07514A /* Copy Pods Resources */,
			);
			buildRules = (
			);
			dependencies = (
			);
			name = DouBanReading;
			productName = DouBanReading;
			productReference = 42264B261945635A000C6C85 /* DouBanReading.app */;
			productType = "com.apple.product-type.application";
		};
		42264B461945635A000C6C85 /* DouBanReadingTests */ = {
			isa = PBXNativeTarget;
			buildConfigurationList = 42264B5B1945635A000C6C85 /* Build configuration list for PBXNativeTarget "DouBanReadingTests" */;
			buildPhases = (
				42264B431945635A000C6C85 /* Sources */,
				42264B441945635A000C6C85 /* Frameworks */,
				42264B451945635A000C6C85 /* Resources */,
			);
			buildRules = (
			);
			dependencies = (
				42264B4D1945635A000C6C85 /* PBXTargetDependency */,
			);
			name = DouBanReadingTests;
			productName = DouBanReadingTests;
			productReference = 42264B471945635A000C6C85 /* DouBanReadingTests.xctest */;
			productType = "com.apple.product-type.bundle.unit-test";
		};
/* End PBXNativeTarget section */

/* Begin PBXProject section */
		42264B1E1945635A000C6C85 /* Project object */ = {
			isa = PBXProject;
			attributes = {
				LastUpgradeCheck = 0510;
				ORGANIZATIONNAME = hcfilippo;
				TargetAttributes = {
					42264B461945635A000C6C85 = {
						TestTargetID = 42264B251945635A000C6C85;
					};
				};
			};
			buildConfigurationList = 42264B211945635A000C6C85 /* Build configuration list for PBXProject "DouBanReading" */;
			compatibilityVersion = "Xcode 3.2";
			developmentRegion = English;
			hasScannedForEncodings = 0;
			knownRegions = (
				en,
				Base,
			);
			mainGroup = 42264B1D1945635A000C6C85;
			productRefGroup = 42264B271945635A000C6C85 /* Products */;
			projectDirPath = "";
			projectRoot = "";
			targets = (
				42264B251945635A000C6C85 /* DouBanReading */,
				42264B461945635A000C6C85 /* DouBanReadingTests */,
			);
		};
/* End PBXProject section */

/* Begin PBXResourcesBuildPhase section */
		42264B241945635A000C6C85 /* Resources */ = {
			isa = PBXResourcesBuildPhase;
			buildActionMask = 2147483647;
			files = (
				42CD429E1951D64400DCC556 /* BookTableViewCell.xib in Resources */,
				42264B421945635A000C6C85 /* Images.xcassets in Resources */,
				42264B341945635A000C6C85 /* InfoPlist.strings in Resources */,
				42264B3D1945635A000C6C85 /* Main.storyboard in Resources */,
			);
			runOnlyForDeploymentPostprocessing = 0;
		};
		42264B451945635A000C6C85 /* Resources */ = {
			isa = PBXResourcesBuildPhase;
			buildActionMask = 2147483647;
			files = (
				42264B531945635A000C6C85 /* InfoPlist.strings in Resources */,
			);
			runOnlyForDeploymentPostprocessing = 0;
		};
/* End PBXResourcesBuildPhase section */

/* Begin PBXShellScriptBuildPhase section */
		62D0740FC0A04BC3807B8459 /* Check Pods Manifest.lock */ = {
			isa = PBXShellScriptBuildPhase;
			buildActionMask = 2147483647;
			files = (
			);
			inputPaths = (
			);
			name = "Check Pods Manifest.lock";
			outputPaths = (
			);
			runOnlyForDeploymentPostprocessing = 0;
			shellPath = /bin/sh;
			shellScript = "diff \"${PODS_ROOT}/../Podfile.lock\" \"${PODS_ROOT}/Manifest.lock\" > /dev/null\nif [[ $? != 0 ]] ; then\n    cat << EOM\nerror: The sandbox is not in sync with the Podfile.lock. Run 'pod install' or update your CocoaPods installation.\nEOM\n    exit 1\nfi\n";
			showEnvVarsInLog = 0;
		};
		ABD8A249CB734075AB07514A /* Copy Pods Resources */ = {
			isa = PBXShellScriptBuildPhase;
			buildActionMask = 2147483647;
			files = (
			);
			inputPaths = (
			);
			name = "Copy Pods Resources";
			outputPaths = (
			);
			runOnlyForDeploymentPostprocessing = 0;
			shellPath = /bin/sh;
			shellScript = "\"${SRCROOT}/Pods/Pods-resources.sh\"\n";
			showEnvVarsInLog = 0;
		};
/* End PBXShellScriptBuildPhase section */

/* Begin PBXSourcesBuildPhase section */
		42264B221945635A000C6C85 /* Sources */ = {
			isa = PBXSourcesBuildPhase;
			buildActionMask = 2147483647;
			files = (
				426B05631966C6AD001BBFBA /* Book.m in Sources */,
				42CD4293194FFD0B00DCC556 /* SearchResultTableViewController.m in Sources */,
				42264B401945635A000C6C85 /* ViewController.m in Sources */,
				42264B3A1945635A000C6C85 /* AppDelegate.m in Sources */,
				42CD42961950763500DCC556 /* Model.xcdatamodeld in Sources */,
				42A0BB73196BE2A000FF717F /* BookViewController.m in Sources */,
				42264B60194F4BB3000C6C85 /* CoreDataTableViewController.m in Sources */,
				42264B361945635A000C6C85 /* main.m in Sources */,
				42CD429D1951D64400DCC556 /* BookTableViewCell.m in Sources */,
				42CD42A2195528FE00DCC556 /* Book+Create.m in Sources */,
				42264B64194F4C59000C6C85 /* DouBanFetcher.m in Sources */,
			);
			runOnlyForDeploymentPostprocessing = 0;
		};
		42264B431945635A000C6C85 /* Sources */ = {
			isa = PBXSourcesBuildPhase;
			buildActionMask = 2147483647;
			files = (
				42264B551945635A000C6C85 /* DouBanReadingTests.m in Sources */,
			);
			runOnlyForDeploymentPostprocessing = 0;
		};
/* End PBXSourcesBuildPhase section */

/* Begin PBXTargetDependency section */
		42264B4D1945635A000C6C85 /* PBXTargetDependency */ = {
			isa = PBXTargetDependency;
			target = 42264B251945635A000C6C85 /* DouBanReading */;
			targetProxy = 42264B4C1945635A000C6C85 /* PBXContainerItemProxy */;
		};
/* End PBXTargetDependency section */

/* Begin PBXVariantGroup section */
		42264B321945635A000C6C85 /* InfoPlist.strings */ = {
			isa = PBXVariantGroup;
			children = (
				42264B331945635A000C6C85 /* en */,
			);
			name = InfoPlist.strings;
			sourceTree = "<group>";
		};
		42264B3B1945635A000C6C85 /* Main.storyboard */ = {
			isa = PBXVariantGroup;
			children = (
				42264B3C1945635A000C6C85 /* Base */,
			);
			name = Main.storyboard;
			sourceTree = "<group>";
		};
		42264B511945635A000C6C85 /* InfoPlist.strings */ = {
			isa = PBXVariantGroup;
			children = (
				42264B521945635A000C6C85 /* en */,
			);
			name = InfoPlist.strings;
			sourceTree = "<group>";
		};
/* End PBXVariantGroup section */

/* Begin XCBuildConfiguration section */
		42264B561945635A000C6C85 /* Debug */ = {
			isa = XCBuildConfiguration;
			buildSettings = {
				ALWAYS_SEARCH_USER_PATHS = NO;
				CLANG_CXX_LANGUAGE_STANDARD = "gnu++0x";
				CLANG_CXX_LIBRARY = "libc++";
				CLANG_ENABLE_MODULES = YES;
				CLANG_ENABLE_OBJC_ARC = YES;
				CLANG_WARN_BOOL_CONVERSION = YES;
				CLANG_WARN_CONSTANT_CONVERSION = YES;
				CLANG_WARN_DIRECT_OBJC_ISA_USAGE = YES_ERROR;
				CLANG_WARN_EMPTY_BODY = YES;
				CLANG_WARN_ENUM_CONVERSION = YES;
				CLANG_WARN_INT_CONVERSION = YES;
				CLANG_WARN_OBJC_ROOT_CLASS = YES_ERROR;
				CLANG_WARN__DUPLICATE_METHOD_MATCH = YES;
				"CODE_SIGN_IDENTITY[sdk=iphoneos*]" = "iPhone Developer";
				COPY_PHASE_STRIP = NO;
				GCC_C_LANGUAGE_STANDARD = gnu99;
				GCC_DYNAMIC_NO_PIC = NO;
				GCC_OPTIMIZATION_LEVEL = 0;
				GCC_PREPROCESSOR_DEFINITIONS = (
					"DEBUG=1",
					"$(inherited)",
				);
				GCC_SYMBOLS_PRIVATE_EXTERN = NO;
				GCC_WARN_64_TO_32_BIT_CONVERSION = YES;
				GCC_WARN_ABOUT_RETURN_TYPE = YES_ERROR;
				GCC_WARN_UNDECLARED_SELECTOR = YES;
				GCC_WARN_UNINITIALIZED_AUTOS = YES_AGGRESSIVE;
				GCC_WARN_UNUSED_FUNCTION = YES;
				GCC_WARN_UNUSED_VARIABLE = YES;
				IPHONEOS_DEPLOYMENT_TARGET = 7.1;
				ONLY_ACTIVE_ARCH = YES;
				SDKROOT = iphoneos;
			};
			name = Debug;
		};
		42264B571945635A000C6C85 /* Release */ = {
			isa = XCBuildConfiguration;
			buildSettings = {
				ALWAYS_SEARCH_USER_PATHS = NO;
				CLANG_CXX_LANGUAGE_STANDARD = "gnu++0x";
				CLANG_CXX_LIBRARY = "libc++";
				CLANG_ENABLE_MODULES = YES;
				CLANG_ENABLE_OBJC_ARC = YES;
				CLANG_WARN_BOOL_CONVERSION = YES;
				CLANG_WARN_CONSTANT_CONVERSION = YES;
				CLANG_WARN_DIRECT_OBJC_ISA_USAGE = YES_ERROR;
				CLANG_WARN_EMPTY_BODY = YES;
				CLANG_WARN_ENUM_CONVERSION = YES;
				CLANG_WARN_INT_CONVERSION = YES;
				CLANG_WARN_OBJC_ROOT_CLASS = YES_ERROR;
				CLANG_WARN__DUPLICATE_METHOD_MATCH = YES;
				"CODE_SIGN_IDENTITY[sdk=iphoneos*]" = "iPhone Developer";
				COPY_PHASE_STRIP = YES;
				ENABLE_NS_ASSERTIONS = NO;
				GCC_C_LANGUAGE_STANDARD = gnu99;
				GCC_WARN_64_TO_32_BIT_CONVERSION = YES;
				GCC_WARN_ABOUT_RETURN_TYPE = YES_ERROR;
				GCC_WARN_UNDECLARED_SELECTOR = YES;
				GCC_WARN_UNINITIALIZED_AUTOS = YES_AGGRESSIVE;
				GCC_WARN_UNUSED_FUNCTION = YES;
				GCC_WARN_UNUSED_VARIABLE = YES;
				IPHONEOS_DEPLOYMENT_TARGET = 7.1;
				SDKROOT = iphoneos;
				VALIDATE_PRODUCT = YES;
			};
			name = Release;
		};
		42264B591945635A000C6C85 /* Debug */ = {
			isa = XCBuildConfiguration;
			baseConfigurationReference = 8A836136744B4B0CBF9E8CE9 /* Pods.xcconfig */;
			buildSettings = {
				ASSETCATALOG_COMPILER_APPICON_NAME = AppIcon;
				ASSETCATALOG_COMPILER_LAUNCHIMAGE_NAME = LaunchImage;
				GCC_PRECOMPILE_PREFIX_HEADER = YES;
				GCC_PREFIX_HEADER = "DouBanReading/DouBanReading-Prefix.pch";
				INFOPLIST_FILE = "DouBanReading/DouBanReading-Info.plist";
				PRODUCT_NAME = "$(TARGET_NAME)";
				WRAPPER_EXTENSION = app;
			};
			name = Debug;
		};
		42264B5A1945635A000C6C85 /* Release */ = {
			isa = XCBuildConfiguration;
			baseConfigurationReference = 8A836136744B4B0CBF9E8CE9 /* Pods.xcconfig */;
			buildSettings = {
				ASSETCATALOG_COMPILER_APPICON_NAME = AppIcon;
				ASSETCATALOG_COMPILER_LAUNCHIMAGE_NAME = LaunchImage;
				GCC_PRECOMPILE_PREFIX_HEADER = YES;
				GCC_PREFIX_HEADER = "DouBanReading/DouBanReading-Prefix.pch";
				INFOPLIST_FILE = "DouBanReading/DouBanReading-Info.plist";
				PRODUCT_NAME = "$(TARGET_NAME)";
				WRAPPER_EXTENSION = app;
			};
			name = Release;
		};
		42264B5C1945635A000C6C85 /* Debug */ = {
			isa = XCBuildConfiguration;
			buildSettings = {
				BUNDLE_LOADER = "$(BUILT_PRODUCTS_DIR)/DouBanReading.app/DouBanReading";
				FRAMEWORK_SEARCH_PATHS = (
					"$(SDKROOT)/Developer/Library/Frameworks",
					"$(inherited)",
					"$(DEVELOPER_FRAMEWORKS_DIR)",
				);
				GCC_PRECOMPILE_PREFIX_HEADER = YES;
				GCC_PREFIX_HEADER = "DouBanReading/DouBanReading-Prefix.pch";
				GCC_PREPROCESSOR_DEFINITIONS = (
					"DEBUG=1",
					"$(inherited)",
				);
				INFOPLIST_FILE = "DouBanReadingTests/DouBanReadingTests-Info.plist";
				PRODUCT_NAME = "$(TARGET_NAME)";
				TEST_HOST = "$(BUNDLE_LOADER)";
				WRAPPER_EXTENSION = xctest;
			};
			name = Debug;
		};
		42264B5D1945635A000C6C85 /* Release */ = {
			isa = XCBuildConfiguration;
			buildSettings = {
				BUNDLE_LOADER = "$(BUILT_PRODUCTS_DIR)/DouBanReading.app/DouBanReading";
				FRAMEWORK_SEARCH_PATHS = (
					"$(SDKROOT)/Developer/Library/Frameworks",
					"$(inherited)",
					"$(DEVELOPER_FRAMEWORKS_DIR)",
				);
				GCC_PRECOMPILE_PREFIX_HEADER = YES;
				GCC_PREFIX_HEADER = "DouBanReading/DouBanReading-Prefix.pch";
				INFOPLIST_FILE = "DouBanReadingTests/DouBanReadingTests-Info.plist";
				PRODUCT_NAME = "$(TARGET_NAME)";
				TEST_HOST = "$(BUNDLE_LOADER)";
				WRAPPER_EXTENSION = xctest;
			};
			name = Release;
		};
/* End XCBuildConfiguration section */

/* Begin XCConfigurationList section */
		42264B211945635A000C6C85 /* Build configuration list for PBXProject "DouBanReading" */ = {
			isa = XCConfigurationList;
			buildConfigurations = (
				42264B561945635A000C6C85 /* Debug */,
				42264B571945635A000C6C85 /* Release */,
			);
			defaultConfigurationIsVisible = 0;
			defaultConfigurationName = Release;
		};
		42264B581945635A000C6C85 /* Build configuration list for PBXNativeTarget "DouBanReading" */ = {
			isa = XCConfigurationList;
			buildConfigurations = (
				42264B591945635A000C6C85 /* Debug */,
				42264B5A1945635A000C6C85 /* Release */,
			);
			defaultConfigurationIsVisible = 0;
			defaultConfigurationName = Release;
		};
		42264B5B1945635A000C6C85 /* Build configuration list for PBXNativeTarget "DouBanReadingTests" */ = {
			isa = XCConfigurationList;
			buildConfigurations = (
				42264B5C1945635A000C6C85 /* Debug */,
				42264B5D1945635A000C6C85 /* Release */,
			);
			defaultConfigurationIsVisible = 0;
			defaultConfigurationName = Release;
		};
/* End XCConfigurationList section */

/* Begin XCVersionGroup section */
		42CD42941950763500DCC556 /* Model.xcdatamodeld */ = {
			isa = XCVersionGroup;
			children = (
				42CD42951950763500DCC556 /* Model.xcdatamodel */,
			);
			currentVersion = 42CD42951950763500DCC556 /* Model.xcdatamodel */;
			path = Model.xcdatamodeld;
			sourceTree = "<group>";
			versionGroupType = wrapper.xcdatamodel;
		};
/* End XCVersionGroup section */
	};
	rootObject = 42264B1E1945635A000C6C85 /* Project object */;
}
